
Microsoft Visual Studio Solution File, Format Version 12.00
# Visual Studio Version 17
VisualStudioVersion = 17.11.35327.3
MinimumVisualStudioVersion = 10.0.40219.1
Project("{FAE04EC0-301F-11D3-BF4B-00C04F79EFBC}") = "Selenium", "Selenium\Selenium.csproj", "{B128752C-BBE3-4248-92C4-200E46ED654D}"
EndProject
Global
	GlobalSection(SolutionConfigurationPlatforms) = preSolution
		Debug|Any CPU = Debug|Any CPU
		Release|Any CPU = Release|Any CPU
	EndGlobalSection
	GlobalSection(ProjectConfigurationPlatforms) = postSolution
		{B128752C-BBE3-4248-92C4-200E46ED654D}.Debug|Any CPU.ActiveCfg = Debug|Any CPU
		{B128752C-BBE3-4248-92C4-200E46ED654D}.Debug|Any CPU.Build.0 = Debug|Any CPU
		{B128752C-BBE3-4248-92C4-200E46ED654D}.Release|Any CPU.ActiveCfg = Release|Any CPU
		{B128752C-BBE3-4248-92C4-200E46ED654D}.Release|Any CPU.Build.0 = Release|Any CPU
	EndGlobalSection
	GlobalSection(SolutionProperties) = preSolution
		HideSolutionNode = FALSE
	EndGlobalSection
	GlobalSection(ExtensibilityGlobals) = postSolution
		SolutionGuid = {8D2CC9A7-95CD-4985-8D36-814CEC138E8B}
	EndGlobalSection
EndGlobal
